
Microsoft Visual Studio Solution File, Format Version 12.00
# Visual Studio Version 17
VisualStudioVersion = 17.0.32112.339
MinimumVisualStudioVersion = 10.0.40219.1
Project("{FAE04EC0-301F-11D3-BF4B-00C04F79EFBC}") = "WPF18", "WPF18\WPF18.csproj", "{539A3C0F-C47A-4A85-A721-F0D7A6CFBFAF}"
EndProject
Global
	GlobalSection(SolutionConfigurationPlatforms) = preSolution
		Debug|Any CPU = Debug|Any CPU
		Release|Any CPU = Release|Any CPU
	EndGlobalSection
	GlobalSection(ProjectConfigurationPlatforms) = postSolution
		{539A3C0F-C47A-4A85-A721-F0D7A6CFBFAF}.Debug|Any CPU.ActiveCfg = Debug|Any CPU
		{539A3C0F-C47A-4A85-A721-F0D7A6CFBFAF}.Debug|Any CPU.Build.0 = Debug|Any CPU
		{539A3C0F-C47A-4A85-A721-F0D7A6CFBFAF}.Release|Any CPU.ActiveCfg = Release|Any CPU
		{539A3C0F-C47A-4A85-A721-F0D7A6CFBFAF}.Release|Any CPU.Build.0 = Release|Any CPU
	EndGlobalSection
	GlobalSection(SolutionProperties) = preSolution
		HideSolutionNode = FALSE
	EndGlobalSection
	GlobalSection(ExtensibilityGlobals) = postSolution
		SolutionGuid = {074C8300-32A5-476D-BFBA-20D1A0B16C37}
	EndGlobalSection
EndGlobal
